
Microsoft Visual Studio Solution File, Format Version 12.00
# Visual Studio 15
VisualStudioVersion = 15.0.27004.2010
MinimumVisualStudioVersion = 10.0.40219.1
Project("{FAE04EC0-301F-11D3-BF4B-00C04F79EFBC}") = "exp_winiumdesktop", "exp_winiumdesktop\exp_winiumdesktop.csproj", "{606D6F83-EB12-43EE-B381-67853858F655}"
EndProject
Project("{FAE04EC0-301F-11D3-BF4B-00C04F79EFBC}") = "exp_winiumdesktop_tests", "exp_winiumdesktop_tests\exp_winiumdesktop_tests.csproj", "{03468C3D-EC17-4D55-B3CC-F1C986561815}"
EndProject
Global
	GlobalSection(SolutionConfigurationPlatforms) = preSolution
		Debug|Any CPU = Debug|Any CPU
		Release|Any CPU = Release|Any CPU
	EndGlobalSection
	GlobalSection(ProjectConfigurationPlatforms) = postSolution
		{606D6F83-EB12-43EE-B381-67853858F655}.Debug|Any CPU.ActiveCfg = Debug|Any CPU
		{606D6F83-EB12-43EE-B381-67853858F655}.Debug|Any CPU.Build.0 = Debug|Any CPU
		{606D6F83-EB12-43EE-B381-67853858F655}.Release|Any CPU.ActiveCfg = Release|Any CPU
		{606D6F83-EB12-43EE-B381-67853858F655}.Release|Any CPU.Build.0 = Release|Any CPU
		{03468C3D-EC17-4D55-B3CC-F1C986561815}.Debug|Any CPU.ActiveCfg = Debug|Any CPU
		{03468C3D-EC17-4D55-B3CC-F1C986561815}.Debug|Any CPU.Build.0 = Debug|Any CPU
		{03468C3D-EC17-4D55-B3CC-F1C986561815}.Release|Any CPU.ActiveCfg = Release|Any CPU
		{03468C3D-EC17-4D55-B3CC-F1C986561815}.Release|Any CPU.Build.0 = Release|Any CPU
	EndGlobalSection
	GlobalSection(SolutionProperties) = preSolution
		HideSolutionNode = FALSE
	EndGlobalSection
	GlobalSection(ExtensibilityGlobals) = postSolution
		SolutionGuid = {5203A25A-1076-4FEC-A1C2-F8358CB7E1EA}
	EndGlobalSection
EndGlobal
